// !$*UTF8*$!
{
	archiveVersion = 1;
	classes = {
	};
	objectVersion = 55;
	objects = {

/* Begin PBXBuildFile section */
		E2C08A9427988F6800CBDA43 /* AppDelegate.swift in Sources */ = {isa = PBXBuildFile; fileRef = E2C08A9327988F6800CBDA43 /* AppDelegate.swift */; };
		E2C08A9627988F6800CBDA43 /* SceneDelegate.swift in Sources */ = {isa = PBXBuildFile; fileRef = E2C08A9527988F6800CBDA43 /* SceneDelegate.swift */; };
		E2C08A9827988F6800CBDA43 /* ViewController.swift in Sources */ = {isa = PBXBuildFile; fileRef = E2C08A9727988F6800CBDA43 /* ViewController.swift */; };
		E2C08A9B27988F6800CBDA43 /* Main.storyboard in Resources */ = {isa = PBXBuildFile; fileRef = E2C08A9927988F6800CBDA43 /* Main.storyboard */; };
		E2C08A9E27988F6800CBDA43 /* Condenast_NewsApp.xcdatamodeld in Sources */ = {isa = PBXBuildFile; fileRef = E2C08A9C27988F6800CBDA43 /* Condenast_NewsApp.xcdatamodeld */; };
		E2C08AA027988F6A00CBDA43 /* Assets.xcassets in Resources */ = {isa = PBXBuildFile; fileRef = E2C08A9F27988F6A00CBDA43 /* Assets.xcassets */; };
		E2C08AA327988F6A00CBDA43 /* LaunchScreen.storyboard in Resources */ = {isa = PBXBuildFile; fileRef = E2C08AA127988F6A00CBDA43 /* LaunchScreen.storyboard */; };
		E2C08AAE27988F6A00CBDA43 /* Condenast_NewsAppTests.swift in Sources */ = {isa = PBXBuildFile; fileRef = E2C08AAD27988F6A00CBDA43 /* Condenast_NewsAppTests.swift */; };
		E2C08AB827988F6A00CBDA43 /* Condenast_NewsAppUITests.swift in Sources */ = {isa = PBXBuildFile; fileRef = E2C08AB727988F6A00CBDA43 /* Condenast_NewsAppUITests.swift */; };
		E2C08ABA27988F6A00CBDA43 /* Condenast_NewsAppUITestsLaunchTests.swift in Sources */ = {isa = PBXBuildFile; fileRef = E2C08AB927988F6A00CBDA43 /* Condenast_NewsAppUITestsLaunchTests.swift */; };
/* End PBXBuildFile section */

/* Begin PBXContainerItemProxy section */
		E2C08AAA27988F6A00CBDA43 /* PBXContainerItemProxy */ = {
			isa = PBXContainerItemProxy;
			containerPortal = E2C08A8827988F6800CBDA43 /* Project object */;
			proxyType = 1;
			remoteGlobalIDString = E2C08A8F27988F6800CBDA43;
			remoteInfo = "Condenast-NewsApp";
		};
		E2C08AB427988F6A00CBDA43 /* PBXContainerItemProxy */ = {
			isa = PBXContainerItemProxy;
			containerPortal = E2C08A8827988F6800CBDA43 /* Project object */;
			proxyType = 1;
			remoteGlobalIDString = E2C08A8F27988F6800CBDA43;
			remoteInfo = "Condenast-NewsApp";
		};
/* End PBXContainerItemProxy section */

/* Begin PBXFileReference section */
		E2C08A9027988F6800CBDA43 /* Condenast-NewsApp.app */ = {isa = PBXFileReference; explicitFileType = wrapper.application; includeInIndex = 0; path = "Condenast-NewsApp.app"; sourceTree = BUILT_PRODUCTS_DIR; };
		E2C08A9327988F6800CBDA43 /* AppDelegate.swift */ = {isa = PBXFileReference; lastKnownFileType = sourcecode.swift; path = AppDelegate.swift; sourceTree = "<group>"; };
		E2C08A9527988F6800CBDA43 /* SceneDelegate.swift */ = {isa = PBXFileReference; lastKnownFileType = sourcecode.swift; path = SceneDelegate.swift; sourceTree = "<group>"; };
		E2C08A9727988F6800CBDA43 /* ViewController.swift */ = {isa = PBXFileReference; lastKnownFileType = sourcecode.swift; path = ViewController.swift; sourceTree = "<group>"; };
		E2C08A9A27988F6800CBDA43 /* Base */ = {isa = PBXFileReference; lastKnownFileType = file.storyboard; name = Base; path = Base.lproj/Main.storyboard; sourceTree = "<group>"; };
		E2C08A9D27988F6800CBDA43 /* Condenast_NewsApp.xcdatamodel */ = {isa = PBXFileReference; lastKnownFileType = wrapper.xcdatamodel; path = Condenast_NewsApp.xcdatamodel; sourceTree = "<group>"; };
		E2C08A9F27988F6A00CBDA43 /* Assets.xcassets */ = {isa = PBXFileReference; lastKnownFileType = folder.assetcatalog; path = Assets.xcassets; sourceTree = "<group>"; };
		E2C08AA227988F6A00CBDA43 /* Base */ = {isa = PBXFileReference; lastKnownFileType = file.storyboard; name = Base; path = Base.lproj/LaunchScreen.storyboard; sourceTree = "<group>"; };
		E2C08AA427988F6A00CBDA43 /* Info.plist */ = {isa = PBXFileReference; lastKnownFileType = text.plist.xml; path = Info.plist; sourceTree = "<group>"; };
		E2C08AA927988F6A00CBDA43 /* Condenast-NewsAppTests.xctest */ = {isa = PBXFileReference; explicitFileType = wrapper.cfbundle; includeInIndex = 0; path = "Condenast-NewsAppTests.xctest"; sourceTree = BUILT_PRODUCTS_DIR; };
		E2C08AAD27988F6A00CBDA43 /* Condenast_NewsAppTests.swift */ = {isa = PBXFileReference; lastKnownFileType = sourcecode.swift; path = Condenast_NewsAppTests.swift; sourceTree = "<group>"; };
		E2C08AB327988F6A00CBDA43 /* Condenast-NewsAppUITests.xctest */ = {isa = PBXFileReference; explicitFileType = wrapper.cfbundle; includeInIndex = 0; path = "Condenast-NewsAppUITests.xctest"; sourceTree = BUILT_PRODUCTS_DIR; };
		E2C08AB727988F6A00CBDA43 /* Condenast_NewsAppUITests.swift */ = {isa = PBXFileReference; lastKnownFileType = sourcecode.swift; path = Condenast_NewsAppUITests.swift; sourceTree = "<group>"; };
		E2C08AB927988F6A00CBDA43 /* Condenast_NewsAppUITestsLaunchTests.swift */ = {isa = PBXFileReference; lastKnownFileType = sourcecode.swift; path = Condenast_NewsAppUITestsLaunchTests.swift; sourceTree = "<group>"; };
/* End PBXFileReference section */

/* Begin PBXFrameworksBuildPhase section */
		E2C08A8D27988F6800CBDA43 /* Frameworks */ = {
			isa = PBXFrameworksBuildPhase;
			buildActionMask = 2147483647;
			files = (
			);
			runOnlyForDeploymentPostprocessing = 0;
		};
		E2C08AA627988F6A00CBDA43 /* Frameworks */ = {
			isa = PBXFrameworksBuildPhase;
			buildActionMask = 2147483647;
			files = (
			);
			runOnlyForDeploymentPostprocessing = 0;
		};
		E2C08AB027988F6A00CBDA43 /* Frameworks */ = {
			isa = PBXFrameworksBuildPhase;
			buildActionMask = 2147483647;
			files = (
			);
			runOnlyForDeploymentPostprocessing = 0;
		};
/* End PBXFrameworksBuildPhase section */

/* Begin PBXGroup section */
		E2C08A8727988F6800CBDA43 = {
			isa = PBXGroup;
			children = (
				E2C08A9227988F6800CBDA43 /* Condenast-NewsApp */,
				E2C08AAC27988F6A00CBDA43 /* Condenast-NewsAppTests */,
				E2C08AB627988F6A00CBDA43 /* Condenast-NewsAppUITests */,
				E2C08A9127988F6800CBDA43 /* Products */,
			);
			sourceTree = "<group>";
		};
		E2C08A9127988F6800CBDA43 /* Products */ = {
			isa = PBXGroup;
			children = (
				E2C08A9027988F6800CBDA43 /* Condenast-NewsApp.app */,
				E2C08AA927988F6A00CBDA43 /* Condenast-NewsAppTests.xctest */,
				E2C08AB327988F6A00CBDA43 /* Condenast-NewsAppUITests.xctest */,
			);
			name = Products;
			sourceTree = "<group>";
		};
		E2C08A9227988F6800CBDA43 /* Condenast-NewsApp */ = {
			isa = PBXGroup;
			children = (
				E2C08A9327988F6800CBDA43 /* AppDelegate.swift */,
				E2C08A9527988F6800CBDA43 /* SceneDelegate.swift */,
				E2C08A9727988F6800CBDA43 /* ViewController.swift */,
				E2C08A9927988F6800CBDA43 /* Main.storyboard */,
				E2C08A9F27988F6A00CBDA43 /* Assets.xcassets */,
				E2C08AA127988F6A00CBDA43 /* LaunchScreen.storyboard */,
				E2C08AA427988F6A00CBDA43 /* Info.plist */,
				E2C08A9C27988F6800CBDA43 /* Condenast_NewsApp.xcdatamodeld */,
			);
			path = "Condenast-NewsApp";
			sourceTree = "<group>";
		};
		E2C08AAC27988F6A00CBDA43 /* Condenast-NewsAppTests */ = {
			isa = PBXGroup;
			children = (
				E2C08AAD27988F6A00CBDA43 /* Condenast_NewsAppTests.swift */,
			);
			path = "Condenast-NewsAppTests";
			sourceTree = "<group>";
		};
		E2C08AB627988F6A00CBDA43 /* Condenast-NewsAppUITests */ = {
			isa = PBXGroup;
			children = (
				E2C08AB727988F6A00CBDA43 /* Condenast_NewsAppUITests.swift */,
				E2C08AB927988F6A00CBDA43 /* Condenast_NewsAppUITestsLaunchTests.swift */,
			);
			path = "Condenast-NewsAppUITests";
			sourceTree = "<group>";
		};
/* End PBXGroup section */

/* Begin PBXNativeTarget section */
		E2C08A8F27988F6800CBDA43 /* Condenast-NewsApp */ = {
			isa = PBXNativeTarget;
			buildConfigurationList = E2C08ABD27988F6A00CBDA43 /* Build configuration list for PBXNativeTarget "Condenast-NewsApp" */;
			buildPhases = (
				E2C08A8C27988F6800CBDA43 /* Sources */,
				E2C08A8D27988F6800CBDA43 /* Frameworks */,
				E2C08A8E27988F6800CBDA43 /* Resources */,
			);
			buildRules = (
			);
			dependencies = (
			);
			name = "Condenast-NewsApp";
			productName = "Condenast-NewsApp";
			productReference = E2C08A9027988F6800CBDA43 /* Condenast-NewsApp.app */;
			productType = "com.apple.product-type.application";
		};
		E2C08AA827988F6A00CBDA43 /* Condenast-NewsAppTests */ = {
			isa = PBXNativeTarget;
			buildConfigurationList = E2C08AC027988F6A00CBDA43 /* Build configuration list for PBXNativeTarget "Condenast-NewsAppTests" */;
			buildPhases = (
				E2C08AA527988F6A00CBDA43 /* Sources */,
				E2C08AA627988F6A00CBDA43 /* Frameworks */,
				E2C08AA727988F6A00CBDA43 /* Resources */,
			);
			buildRules = (
			);
			dependencies = (
				E2C08AAB27988F6A00CBDA43 /* PBXTargetDependency */,
			);
			name = "Condenast-NewsAppTests";
			productName = "Condenast-NewsAppTests";
			productReference = E2C08AA927988F6A00CBDA43 /* Condenast-NewsAppTests.xctest */;
			productType = "com.apple.product-type.bundle.unit-test";
		};
		E2C08AB227988F6A00CBDA43 /* Condenast-NewsAppUITests */ = {
			isa = PBXNativeTarget;
			buildConfigurationList = E2C08AC327988F6A00CBDA43 /* Build configuration list for PBXNativeTarget "Condenast-NewsAppUITests" */;
			buildPhases = (
				E2C08AAF27988F6A00CBDA43 /* Sources */,
				E2C08AB027988F6A00CBDA43 /* Frameworks */,
				E2C08AB127988F6A00CBDA43 /* Resources */,
			);
			buildRules = (
			);
			dependencies = (
				E2C08AB527988F6A00CBDA43 /* PBXTargetDependency */,
			);
			name = "Condenast-NewsAppUITests";
			productName = "Condenast-NewsAppUITests";
			productReference = E2C08AB327988F6A00CBDA43 /* Condenast-NewsAppUITests.xctest */;
			productType = "com.apple.product-type.bundle.ui-testing";
		};
/* End PBXNativeTarget section */

/* Begin PBXProject section */
		E2C08A8827988F6800CBDA43 /* Project object */ = {
			isa = PBXProject;
			attributes = {
				BuildIndependentTargetsInParallel = 1;
				LastSwiftUpdateCheck = 1310;
				LastUpgradeCheck = 1310;
				TargetAttributes = {
					E2C08A8F27988F6800CBDA43 = {
						CreatedOnToolsVersion = 13.1;
					};
					E2C08AA827988F6A00CBDA43 = {
						CreatedOnToolsVersion = 13.1;
						TestTargetID = E2C08A8F27988F6800CBDA43;
					};
					E2C08AB227988F6A00CBDA43 = {
						CreatedOnToolsVersion = 13.1;
						TestTargetID = E2C08A8F27988F6800CBDA43;
					};
				};
			};
			buildConfigurationList = E2C08A8B27988F6800CBDA43 /* Build configuration list for PBXProject "Condenast-NewsApp" */;
			compatibilityVersion = "Xcode 13.0";
			developmentRegion = en;
			hasScannedForEncodings = 0;
			knownRegions = (
				en,
				Base,
			);
			mainGroup = E2C08A8727988F6800CBDA43;
			productRefGroup = E2C08A9127988F6800CBDA43 /* Products */;
			projectDirPath = "";
			projectRoot = "";
			targets = (
				E2C08A8F27988F6800CBDA43 /* Condenast-NewsApp */,
				E2C08AA827988F6A00CBDA43 /* Condenast-NewsAppTests */,
				E2C08AB227988F6A00CBDA43 /* Condenast-NewsAppUITests */,
			);
		};
/* End PBXProject section */

/* Begin PBXResourcesBuildPhase section */
		E2C08A8E27988F6800CBDA43 /* Resources */ = {
			isa = PBXResourcesBuildPhase;
			buildActionMask = 2147483647;
			files = (
				E2C08AA327988F6A00CBDA43 /* LaunchScreen.storyboard in Resources */,
				E2C08AA027988F6A00CBDA43 /* Assets.xcassets in Resources */,
				E2C08A9B27988F6800CBDA43 /* Main.storyboard in Resources */,
			);
			runOnlyForDeploymentPostprocessing = 0;
		};
		E2C08AA727988F6A00CBDA43 /* Resources */ = {
			isa = PBXResourcesBuildPhase;
			buildActionMask = 2147483647;
			files = (
			);
			runOnlyForDeploymentPostprocessing = 0;
		};
		E2C08AB127988F6A00CBDA43 /* Resources */ = {
			isa = PBXResourcesBuildPhase;
			buildActionMask = 2147483647;
			files = (
			);
			runOnlyForDeploymentPostprocessing = 0;
		};
/* End PBXResourcesBuildPhase section */

/* Begin PBXSourcesBuildPhase section */
		E2C08A8C27988F6800CBDA43 /* Sources */ = {
			isa = PBXSourcesBuildPhase;
			buildActionMask = 2147483647;
			files = (
				E2C08A9827988F6800CBDA43 /* ViewController.swift in Sources */,
				E2C08A9427988F6800CBDA43 /* AppDelegate.swift in Sources */,
				E2C08A9E27988F6800CBDA43 /* Condenast_NewsApp.xcdatamodeld in Sources */,
				E2C08A9627988F6800CBDA43 /* SceneDelegate.swift in Sources */,
			);
			runOnlyForDeploymentPostprocessing = 0;
		};
		E2C08AA527988F6A00CBDA43 /* Sources */ = {
			isa = PBXSourcesBuildPhase;
			buildActionMask = 2147483647;
			files = (
				E2C08AAE27988F6A00CBDA43 /* Condenast_NewsAppTests.swift in Sources */,
			);
			runOnlyForDeploymentPostprocessing = 0;
		};
		E2C08AAF27988F6A00CBDA43 /* Sources */ = {
			isa = PBXSourcesBuildPhase;
			buildActionMask = 2147483647;
			files = (
				E2C08AB827988F6A00CBDA43 /* Condenast_NewsAppUITests.swift in Sources */,
				E2C08ABA27988F6A00CBDA43 /* Condenast_NewsAppUITestsLaunchTests.swift in Sources */,
			);
			runOnlyForDeploymentPostprocessing = 0;
		};
/* End PBXSourcesBuildPhase section */

/* Begin PBXTargetDependency section */
		E2C08AAB27988F6A00CBDA43 /* PBXTargetDependency */ = {
			isa = PBXTargetDependency;
			target = E2C08A8F27988F6800CBDA43 /* Condenast-NewsApp */;
			targetProxy = E2C08AAA27988F6A00CBDA43 /* PBXContainerItemProxy */;
		};
		E2C08AB527988F6A00CBDA43 /* PBXTargetDependency */ = {
			isa = PBXTargetDependency;
			target = E2C08A8F27988F6800CBDA43 /* Condenast-NewsApp */;
			targetProxy = E2C08AB427988F6A00CBDA43 /* PBXContainerItemProxy */;
		};
/* End PBXTargetDependency section */

/* Begin PBXVariantGroup section */
		E2C08A9927988F6800CBDA43 /* Main.storyboard */ = {
			isa = PBXVariantGroup;
			children = (
				E2C08A9A27988F6800CBDA43 /* Base */,
			);
			name = Main.storyboard;
			sourceTree = "<group>";
		};
		E2C08AA127988F6A00CBDA43 /* LaunchScreen.storyboard */ = {
			isa = PBXVariantGroup;
			children = (
				E2C08AA227988F6A00CBDA43 /* Base */,
			);
			name = LaunchScreen.storyboard;
			sourceTree = "<group>";
		};
/* End PBXVariantGroup section */

/* Begin XCBuildConfiguration section */
		E2C08ABB27988F6A00CBDA43 /* Debug */ = {
			isa = XCBuildConfiguration;
			buildSettings = {
				ALWAYS_SEARCH_USER_PATHS = NO;
				CLANG_ANALYZER_NONNULL = YES;
				CLANG_ANALYZER_NUMBER_OBJECT_CONVERSION = YES_AGGRESSIVE;
				CLANG_CXX_LANGUAGE_STANDARD = "gnu++17";
				CLANG_CXX_LIBRARY = "libc++";
				CLANG_ENABLE_MODULES = YES;
				CLANG_ENABLE_OBJC_ARC = YES;
				CLANG_ENABLE_OBJC_WEAK = YES;
				CLANG_WARN_BLOCK_CAPTURE_AUTORELEASING = YES;
				CLANG_WARN_BOOL_CONVERSION = YES;
				CLANG_WARN_COMMA = YES;
				CLANG_WARN_CONSTANT_CONVERSION = YES;
				CLANG_WARN_DEPRECATED_OBJC_IMPLEMENTATIONS = YES;
				CLANG_WARN_DIRECT_OBJC_ISA_USAGE = YES_ERROR;
				CLANG_WARN_DOCUMENTATION_COMMENTS = YES;
				CLANG_WARN_EMPTY_BODY = YES;
				CLANG_WARN_ENUM_CONVERSION = YES;
				CLANG_WARN_INFINITE_RECURSION = YES;
				CLANG_WARN_INT_CONVERSION = YES;
				CLANG_WARN_NON_LITERAL_NULL_CONVERSION = YES;
				CLANG_WARN_OBJC_IMPLICIT_RETAIN_SELF = YES;
				CLANG_WARN_OBJC_LITERAL_CONVERSION = YES;
				CLANG_WARN_OBJC_ROOT_CLASS = YES_ERROR;
				CLANG_WARN_QUOTED_INCLUDE_IN_FRAMEWORK_HEADER = YES;
				CLANG_WARN_RANGE_LOOP_ANALYSIS = YES;
				CLANG_WARN_STRICT_PROTOTYPES = YES;
				CLANG_WARN_SUSPICIOUS_MOVE = YES;
				CLANG_WARN_UNGUARDED_AVAILABILITY = YES_AGGRESSIVE;
				CLANG_WARN_UNREACHABLE_CODE = YES;
				CLANG_WARN__DUPLICATE_METHOD_MATCH = YES;
				COPY_PHASE_STRIP = NO;
				DEBUG_INFORMATION_FORMAT = dwarf;
				ENABLE_STRICT_OBJC_MSGSEND = YES;
				ENABLE_TESTABILITY = YES;
				GCC_C_LANGUAGE_STANDARD = gnu11;
				GCC_DYNAMIC_NO_PIC = NO;
				GCC_NO_COMMON_BLOCKS = YES;
				GCC_OPTIMIZATION_LEVEL = 0;
				GCC_PREPROCESSOR_DEFINITIONS = (
					"DEBUG=1",
					"$(inherited)",
				);
				GCC_WARN_64_TO_32_BIT_CONVERSION = YES;
				GCC_WARN_ABOUT_RETURN_TYPE = YES_ERROR;
				GCC_WARN_UNDECLARED_SELECTOR = YES;
				GCC_WARN_UNINITIALIZED_AUTOS = YES_AGGRESSIVE;
				GCC_WARN_UNUSED_FUNCTION = YES;
				GCC_WARN_UNUSED_VARIABLE = YES;
				IPHONEOS_DEPLOYMENT_TARGET = 15.0;
				MTL_ENABLE_DEBUG_INFO = INCLUDE_SOURCE;
				MTL_FAST_MATH = YES;
				ONLY_ACTIVE_ARCH = YES;
				SDKROOT = iphoneos;
				SWIFT_ACTIVE_COMPILATION_CONDITIONS = DEBUG;
				SWIFT_OPTIMIZATION_LEVEL = "-Onone";
			};
			name = Debug;
		};
		E2C08ABC27988F6A00CBDA43 /* Release */ = {
			isa = XCBuildConfiguration;
			buildSettings = {
				ALWAYS_SEARCH_USER_PATHS = NO;
				CLANG_ANALYZER_NONNULL = YES;
				CLANG_ANALYZER_NUMBER_OBJECT_CONVERSION = YES_AGGRESSIVE;
				CLANG_CXX_LANGUAGE_STANDARD = "gnu++17";
				CLANG_CXX_LIBRARY = "libc++";
				CLANG_ENABLE_MODULES = YES;
				CLANG_ENABLE_OBJC_ARC = YES;
				CLANG_ENABLE_OBJC_WEAK = YES;
				CLANG_WARN_BLOCK_CAPTURE_AUTORELEASING = YES;
				CLANG_WARN_BOOL_CONVERSION = YES;
				CLANG_WARN_COMMA = YES;
				CLANG_WARN_CONSTANT_CONVERSION = YES;
				CLANG_WARN_DEPRECATED_OBJC_IMPLEMENTATIONS = YES;
				CLANG_WARN_DIRECT_OBJC_ISA_USAGE = YES_ERROR;
				CLANG_WARN_DOCUMENTATION_COMMENTS = YES;
				CLANG_WARN_EMPTY_BODY = YES;
				CLANG_WARN_ENUM_CONVERSION = YES;
				CLANG_WARN_INFINITE_RECURSION = YES;
				CLANG_WARN_INT_CONVERSION = YES;
				CLANG_WARN_NON_LITERAL_NULL_CONVERSION = YES;
				CLANG_WARN_OBJC_IMPLICIT_RETAIN_SELF = YES;
				CLANG_WARN_OBJC_LITERAL_CONVERSION = YES;
				CLANG_WARN_OBJC_ROOT_CLASS = YES_ERROR;
				CLANG_WARN_QUOTED_INCLUDE_IN_FRAMEWORK_HEADER = YES;
				CLANG_WARN_RANGE_LOOP_ANALYSIS = YES;
				CLANG_WARN_STRICT_PROTOTYPES = YES;
				CLANG_WARN_SUSPICIOUS_MOVE = YES;
				CLANG_WARN_UNGUARDED_AVAILABILITY = YES_AGGRESSIVE;
				CLANG_WARN_UNREACHABLE_CODE = YES;
				CLANG_WARN__DUPLICATE_METHOD_MATCH = YES;
				COPY_PHASE_STRIP = NO;
				DEBUG_INFORMATION_FORMAT = "dwarf-with-dsym";
				ENABLE_NS_ASSERTIONS = NO;
				ENABLE_STRICT_OBJC_MSGSEND = YES;
				GCC_C_LANGUAGE_STANDARD = gnu11;
				GCC_NO_COMMON_BLOCKS = YES;
				GCC_WARN_64_TO_32_BIT_CONVERSION = YES;
				GCC_WARN_ABOUT_RETURN_TYPE = YES_ERROR;
				GCC_WARN_UNDECLARED_SELECTOR = YES;
				GCC_WARN_UNINITIALIZED_AUTOS = YES_AGGRESSIVE;
				GCC_WARN_UNUSED_FUNCTION = YES;
				GCC_WARN_UNUSED_VARIABLE = YES;
				IPHONEOS_DEPLOYMENT_TARGET = 15.0;
				MTL_ENABLE_DEBUG_INFO = NO;
				MTL_FAST_MATH = YES;
				SDKROOT = iphoneos;
				SWIFT_COMPILATION_MODE = wholemodule;
				SWIFT_OPTIMIZATION_LEVEL = "-O";
				VALIDATE_PRODUCT = YES;
			};
			name = Release;
		};
		E2C08ABE27988F6A00CBDA43 /* Debug */ = {
			isa = XCBuildConfiguration;
			buildSettings = {
				ASSETCATALOG_COMPILER_APPICON_NAME = AppIcon;
				ASSETCATALOG_COMPILER_GLOBAL_ACCENT_COLOR_NAME = AccentColor;
				CODE_SIGN_STYLE = Automatic;
				CURRENT_PROJECT_VERSION = 1;
				DEVELOPMENT_TEAM = Q2NB997JDV;
				GENERATE_INFOPLIST_FILE = YES;
				INFOPLIST_FILE = "Condenast-NewsApp/Info.plist";
				INFOPLIST_KEY_UIApplicationSupportsIndirectInputEvents = YES;
				INFOPLIST_KEY_UILaunchStoryboardName = LaunchScreen;
				INFOPLIST_KEY_UIMainStoryboardFile = Main;
				INFOPLIST_KEY_UISupportedInterfaceOrientations_iPad = "UIInterfaceOrientationPortrait UIInterfaceOrientationPortraitUpsideDown UIInterfaceOrientationLandscapeLeft UIInterfaceOrientationLandscapeRight";
				INFOPLIST_KEY_UISupportedInterfaceOrientations_iPhone = "UIInterfaceOrientationPortrait UIInterfaceOrientationLandscapeLeft UIInterfaceOrientationLandscapeRight";
				LD_RUNPATH_SEARCH_PATHS = (
					"$(inherited)",
					"@executable_path/Frameworks",
				);
				MARKETING_VERSION = 1.0;
				PRODUCT_BUNDLE_IDENTIFIER = "com.str.Condenast-NewsApp";
				PRODUCT_NAME = "$(TARGET_NAME)";
				SWIFT_EMIT_LOC_STRINGS = YES;
				SWIFT_VERSION = 5.0;
				TARGETED_DEVICE_FAMILY = "1,2";
			};
			name = Debug;
		};
		E2C08ABF27988F6A00CBDA43 /* Release */ = {
			isa = XCBuildConfiguration;
			buildSettings = {
				ASSETCATALOG_COMPILER_APPICON_NAME = AppIcon;
				ASSETCATALOG_COMPILER_GLOBAL_ACCENT_COLOR_NAME = AccentColor;
				CODE_SIGN_STYLE = Automatic;
				CURRENT_PROJECT_VERSION = 1;
				DEVELOPMENT_TEAM = Q2NB997JDV;
				GENERATE_INFOPLIST_FILE = YES;
				INFOPLIST_FILE = "Condenast-NewsApp/Info.plist";
				INFOPLIST_KEY_UIApplicationSupportsIndirectInputEvents = YES;
				INFOPLIST_KEY_UILaunchStoryboardName = LaunchScreen;
				INFOPLIST_KEY_UIMainStoryboardFile = Main;
				INFOPLIST_KEY_UISupportedInterfaceOrientations_iPad = "UIInterfaceOrientationPortrait UIInterfaceOrientationPortraitUpsideDown UIInterfaceOrientationLandscapeLeft UIInterfaceOrientationLandscapeRight";
				INFOPLIST_KEY_UISupportedInterfaceOrientations_iPhone = "UIInterfaceOrientationPortrait UIInterfaceOrientationLandscapeLeft UIInterfaceOrientationLandscapeRight";
				LD_RUNPATH_SEARCH_PATHS = (
					"$(inherited)",
					"@executable_path/Frameworks",
				);
				MARKETING_VERSION = 1.0;
				PRODUCT_BUNDLE_IDENTIFIER = "com.str.Condenast-NewsApp";
				PRODUCT_NAME = "$(TARGET_NAME)";
				SWIFT_EMIT_LOC_STRINGS = YES;
				SWIFT_VERSION = 5.0;
				TARGETED_DEVICE_FAMILY = "1,2";
			};
			name = Release;
		};
		E2C08AC127988F6A00CBDA43 /* Debug */ = {
			isa = XCBuildConfiguration;
			buildSettings = {
				ALWAYS_EMBED_SWIFT_STANDARD_LIBRARIES = YES;
				BUNDLE_LOADER = "$(TEST_HOST)";
				CODE_SIGN_STYLE = Automatic;
				CURRENT_PROJECT_VERSION = 1;
				DEVELOPMENT_TEAM = Q2NB997JDV;
				GENERATE_INFOPLIST_FILE = YES;
				IPHONEOS_DEPLOYMENT_TARGET = 15.0;
				LD_RUNPATH_SEARCH_PATHS = (
					"$(inherited)",
					"@executable_path/Frameworks",
					"@loader_path/Frameworks",
				);
				MARKETING_VERSION = 1.0;
				PRODUCT_BUNDLE_IDENTIFIER = "com.str.Condenast-NewsAppTests";
				PRODUCT_NAME = "$(TARGET_NAME)";
				SWIFT_EMIT_LOC_STRINGS = NO;
				SWIFT_VERSION = 5.0;
				TARGETED_DEVICE_FAMILY = "1,2";
				TEST_HOST = "$(BUILT_PRODUCTS_DIR)/Condenast-NewsApp.app/Condenast-NewsApp";
			};
			name = Debug;
		};
		E2C08AC227988F6A00CBDA43 /* Release */ = {
			isa = XCBuildConfiguration;
			buildSettings = {
				ALWAYS_EMBED_SWIFT_STANDARD_LIBRARIES = YES;
				BUNDLE_LOADER = "$(TEST_HOST)";
				CODE_SIGN_STYLE = Automatic;
				CURRENT_PROJECT_VERSION = 1;
				DEVELOPMENT_TEAM = Q2NB997JDV;
				GENERATE_INFOPLIST_FILE = YES;
				IPHONEOS_DEPLOYMENT_TARGET = 15.0;
				LD_RUNPATH_SEARCH_PATHS = (
					"$(inherited)",
					"@executable_path/Frameworks",
					"@loader_path/Frameworks",
				);
				MARKETING_VERSION = 1.0;
				PRODUCT_BUNDLE_IDENTIFIER = "com.str.Condenast-NewsAppTests";
				PRODUCT_NAME = "$(TARGET_NAME)";
				SWIFT_EMIT_LOC_STRINGS = NO;
				SWIFT_VERSION = 5.0;
				TARGETED_DEVICE_FAMILY = "1,2";
				TEST_HOST = "$(BUILT_PRODUCTS_DIR)/Condenast-NewsApp.app/Condenast-NewsApp";
			};
			name = Release;
		};
		E2C08AC427988F6A00CBDA43 /* Debug */ = {
			isa = XCBuildConfiguration;
			buildSettings = {
				ALWAYS_EMBED_SWIFT_STANDARD_LIBRARIES = YES;
				CODE_SIGN_STYLE = Automatic;
				CURRENT_PROJECT_VERSION = 1;
				DEVELOPMENT_TEAM = Q2NB997JDV;
				GENERATE_INFOPLIST_FILE = YES;
				LD_RUNPATH_SEARCH_PATHS = (
					"$(inherited)",
					"@executable_path/Frameworks",
					"@loader_path/Frameworks",
				);
				MARKETING_VERSION = 1.0;
				PRODUCT_BUNDLE_IDENTIFIER = "com.str.Condenast-NewsAppUITests";
				PRODUCT_NAME = "$(TARGET_NAME)";
				SWIFT_EMIT_LOC_STRINGS = NO;
				SWIFT_VERSION = 5.0;
				TARGETED_DEVICE_FAMILY = "1,2";
				TEST_TARGET_NAME = "Condenast-NewsApp";
			};
			name = Debug;
		};
		E2C08AC527988F6A00CBDA43 /* Release */ = {
			isa = XCBuildConfiguration;
			buildSettings = {
				ALWAYS_EMBED_SWIFT_STANDARD_LIBRARIES = YES;
				CODE_SIGN_STYLE = Automatic;
				CURRENT_PROJECT_VERSION = 1;
				DEVELOPMENT_TEAM = Q2NB997JDV;
				GENERATE_INFOPLIST_FILE = YES;
				LD_RUNPATH_SEARCH_PATHS = (
					"$(inherited)",
					"@executable_path/Frameworks",
					"@loader_path/Frameworks",
				);
				MARKETING_VERSION = 1.0;
				PRODUCT_BUNDLE_IDENTIFIER = "com.str.Condenast-NewsAppUITests";
				PRODUCT_NAME = "$(TARGET_NAME)";
				SWIFT_EMIT_LOC_STRINGS = NO;
				SWIFT_VERSION = 5.0;
				TARGETED_DEVICE_FAMILY = "1,2";
				TEST_TARGET_NAME = "Condenast-NewsApp";
			};
			name = Release;
		};
/* End XCBuildConfiguration section */

/* Begin XCConfigurationList section */
		E2C08A8B27988F6800CBDA43 /* Build configuration list for PBXProject "Condenast-NewsApp" */ = {
			isa = XCConfigurationList;
			buildConfigurations = (
				E2C08ABB27988F6A00CBDA43 /* Debug */,
				E2C08ABC27988F6A00CBDA43 /* Release */,
			);
			defaultConfigurationIsVisible = 0;
			defaultConfigurationName = Release;
		};
		E2C08ABD27988F6A00CBDA43 /* Build configuration list for PBXNativeTarget "Condenast-NewsApp" */ = {
			isa = XCConfigurationList;
			buildConfigurations = (
				E2C08ABE27988F6A00CBDA43 /* Debug */,
				E2C08ABF27988F6A00CBDA43 /* Release */,
			);
			defaultConfigurationIsVisible = 0;
			defaultConfigurationName = Release;
		};
		E2C08AC027988F6A00CBDA43 /* Build configuration list for PBXNativeTarget "Condenast-NewsAppTests" */ = {
			isa = XCConfigurationList;
			buildConfigurations = (
				E2C08AC127988F6A00CBDA43 /* Debug */,
				E2C08AC227988F6A00CBDA43 /* Release */,
			);
			defaultConfigurationIsVisible = 0;
			defaultConfigurationName = Release;
		};
		E2C08AC327988F6A00CBDA43 /* Build configuration list for PBXNativeTarget "Condenast-NewsAppUITests" */ = {
			isa = XCConfigurationList;
			buildConfigurations = (
				E2C08AC427988F6A00CBDA43 /* Debug */,
				E2C08AC527988F6A00CBDA43 /* Release */,
			);
			defaultConfigurationIsVisible = 0;
			defaultConfigurationName = Release;
		};
/* End XCConfigurationList section */

/* Begin XCVersionGroup section */
		E2C08A9C27988F6800CBDA43 /* Condenast_NewsApp.xcdatamodeld */ = {
			isa = XCVersionGroup;
			children = (
				E2C08A9D27988F6800CBDA43 /* Condenast_NewsApp.xcdatamodel */,
			);
			currentVersion = E2C08A9D27988F6800CBDA43 /* Condenast_NewsApp.xcdatamodel */;
			path = Condenast_NewsApp.xcdatamodeld;
			sourceTree = "<group>";
			versionGroupType = wrapper.xcdatamodel;
		};
/* End XCVersionGroup section */
	};
	rootObject = E2C08A8827988F6800CBDA43 /* Project object */;
}
